{
  "version": 4,
  "terraform_version": "1.2.3",
  "serial": 27,
  "lineage": "cf104e30-e07b-7c1e-f212-50fbed26c4f8",
  "outputs": {},
  "resources": [
    {
      "mode": "managed",
      "type": "esxi_guest",
      "name": "medium",
      "provider": "provider[\"registry.terraform.io/josenk/esxi\"]",
      "instances": [
        {
          "index_key": 0,
          "schema_version": 0,
          "attributes": {
            "boot_disk_size": null,
            "boot_disk_type": "thin",
            "boot_firmware": "bios",
            "clone_from_vm": "centos7",
            "disk_store": "datastore1",
            "guest_name": "Gitlab",
            "guest_shutdown_timeout": 5,
            "guest_startup_timeout": 5,
            "guestinfo": null,
            "guestos": "centos7-64",
            "host_ovf": null,
            "id": "27",
            "ip_address": "10.0.0.18",
            "memsize": "4096",
            "network_interfaces": [
              {
                "mac_address": "",
                "nic_type": "e1000",
                "virtual_network": "VM Network"
              }
            ],
            "notes": "",
            "numvcpus": "4",
            "ovf_properties": [],
            "ovf_properties_timer": 90,
            "ovf_source": null,
            "power": "on",
            "resource_pool_name": "/",
            "virthwver": "13",
            "virtual_disks": []
          },
          "sensitive_attributes": [],
          "private": "bnVsbA=="
        },
        {
          "index_key": 1,
          "schema_version": 0,
          "attributes": {
            "boot_disk_size": null,
            "boot_disk_type": "thin",
            "boot_firmware": "bios",
            "clone_from_vm": "centos7",
            "disk_store": "datastore1",
            "guest_name": "kubernetes-worker-1",
            "guest_shutdown_timeout": 5,
            "guest_startup_timeout": 5,
            "guestinfo": null,
            "guestos": "centos7-64",
            "host_ovf": null,
            "id": "30",
            "ip_address": "",
            "memsize": "4096",
            "network_interfaces": [
              {
                "mac_address": "",
                "nic_type": "e1000",
                "virtual_network": "VM Network"
              }
            ],
            "notes": "",
            "numvcpus": "4",
            "ovf_properties": [],
            "ovf_properties_timer": 90,
            "ovf_source": null,
            "power": "on",
            "resource_pool_name": "/",
            "virthwver": "13",
            "virtual_disks": []
          },
          "sensitive_attributes": [],
          "private": "bnVsbA=="
        },
        {
          "index_key": 2,
          "schema_version": 0,
          "attributes": {
            "boot_disk_size": null,
            "boot_disk_type": "thin",
            "boot_firmware": "bios",
            "clone_from_vm": "centos7",
            "disk_store": "datastore1",
            "guest_name": "kubernetes-worker-2",
            "guest_shutdown_timeout": 5,
            "guest_startup_timeout": 5,
            "guestinfo": null,
            "guestos": "centos7-64",
            "host_ovf": null,
            "id": "31",
            "ip_address": "",
            "memsize": "4096",
            "network_interfaces": [
              {
                "mac_address": "",
                "nic_type": "e1000",
                "virtual_network": "VM Network"
              }
            ],
            "notes": "",
            "numvcpus": "4",
            "ovf_properties": [],
            "ovf_properties_timer": 90,
            "ovf_source": null,
            "power": "on",
            "resource_pool_name": "/",
            "virthwver": "13",
            "virtual_disks": []
          },
          "sensitive_attributes": [],
          "private": "bnVsbA=="
        },
        {
          "index_key": 3,
          "schema_version": 0,
          "attributes": {
            "boot_disk_size": null,
            "boot_disk_type": "thin",
            "boot_firmware": "bios",
            "clone_from_vm": "centos7",
            "disk_store": "datastore1",
            "guest_name": "kubernetes-worker-3",
            "guest_shutdown_timeout": 5,
            "guest_startup_timeout": 5,
            "guestinfo": null,
            "guestos": "centos7-64",
            "host_ovf": null,
            "id": "33",
            "ip_address": "",
            "memsize": "4096",
            "network_interfaces": [
              {
                "mac_address": "",
                "nic_type": "e1000",
                "virtual_network": "VM Network"
              }
            ],
            "notes": "",
            "numvcpus": "4",
            "ovf_properties": [],
            "ovf_properties_timer": 90,
            "ovf_source": null,
            "power": "on",
            "resource_pool_name": "/",
            "virthwver": "13",
            "virtual_disks": []
          },
          "sensitive_attributes": [],
          "private": "bnVsbA=="
        }
      ]
    },
    {
      "mode": "managed",
      "type": "esxi_guest",
      "name": "small",
      "provider": "provider[\"registry.terraform.io/josenk/esxi\"]",
      "instances": [
        {
          "index_key": 0,
          "schema_version": 0,
          "attributes": {
            "boot_disk_size": null,
            "boot_disk_type": "thin",
            "boot_firmware": "bios",
            "clone_from_vm": "centos7",
            "disk_store": "datastore1",
            "guest_name": "kubernetes-master",
            "guest_shutdown_timeout": 5,
            "guest_startup_timeout": 5,
            "guestinfo": null,
            "guestos": "centos7-64",
            "host_ovf": null,
            "id": "32",
            "ip_address": "",
            "memsize": "2048",
            "network_interfaces": [
              {
                "mac_address": "",
                "nic_type": "e1000",
                "virtual_network": "VM Network"
              }
            ],
            "notes": "",
            "numvcpus": "2",
            "ovf_properties": [],
            "ovf_properties_timer": 90,
            "ovf_source": null,
            "power": "on",
            "resource_pool_name": "/",
            "virthwver": "13",
            "virtual_disks": []
          },
          "sensitive_attributes": [],
          "private": "bnVsbA=="
        }
      ]
    }
  ]
}
